// !$*UTF8*$!
{
	archiveVersion = 1;
	classes = {
	};
	objectVersion = 46;
	objects = {

/* Begin PBXBuildFile section */
		84AB30E519D14D7A002F8C29 /* AppDelegate.swift in Sources */ = {isa = PBXBuildFile; fileRef = 84AB30E419D14D7A002F8C29 /* AppDelegate.swift */; };
		84AB30E719D14D7A002F8C29 /* MasterViewController.swift in Sources */ = {isa = PBXBuildFile; fileRef = 84AB30E619D14D7A002F8C29 /* MasterViewController.swift */; };
		84AB30E919D14D7A002F8C29 /* DetailViewController.swift in Sources */ = {isa = PBXBuildFile; fileRef = 84AB30E819D14D7A002F8C29 /* DetailViewController.swift */; };
		84AB30EC19D14D7A002F8C29 /* Main.storyboard in Resources */ = {isa = PBXBuildFile; fileRef = 84AB30EA19D14D7A002F8C29 /* Main.storyboard */; };
		84AB30EE19D14D7A002F8C29 /* Images.xcassets in Resources */ = {isa = PBXBuildFile; fileRef = 84AB30ED19D14D7A002F8C29 /* Images.xcassets */; };
		84AB30F119D14D7A002F8C29 /* LaunchScreen.xib in Resources */ = {isa = PBXBuildFile; fileRef = 84AB30EF19D14D7A002F8C29 /* LaunchScreen.xib */; };
		84AB30FD19D14D7B002F8C29 /* IOSTestTests.swift in Sources */ = {isa = PBXBuildFile; fileRef = 84AB30FC19D14D7B002F8C29 /* IOSTestTests.swift */; };
/* End PBXBuildFile section */

/* Begin PBXContainerItemProxy section */
		84AB30F719D14D7B002F8C29 /* PBXContainerItemProxy */ = {
			isa = PBXContainerItemProxy;
			containerPortal = 84AB30D719D14D7A002F8C29 /* Project object */;
			proxyType = 1;
			remoteGlobalIDString = 84AB30DE19D14D7A002F8C29;
			remoteInfo = IOSTest;
		};
/* End PBXContainerItemProxy section */

/* Begin PBXFileReference section */
		84AB30DF19D14D7A002F8C29 /* IOSTest.app */ = {isa = PBXFileReference; explicitFileType = wrapper.application; includeInIndex = 0; path = IOSTest.app; sourceTree = BUILT_PRODUCTS_DIR; };
		84AB30E319D14D7A002F8C29 /* Info.plist */ = {isa = PBXFileReference; lastKnownFileType = text.plist.xml; path = Info.plist; sourceTree = "<group>"; };
		84AB30E419D14D7A002F8C29 /* AppDelegate.swift */ = {isa = PBXFileReference; lastKnownFileType = sourcecode.swift; path = AppDelegate.swift; sourceTree = "<group>"; };
		84AB30E619D14D7A002F8C29 /* MasterViewController.swift */ = {isa = PBXFileReference; lastKnownFileType = sourcecode.swift; path = MasterViewController.swift; sourceTree = "<group>"; };
		84AB30E819D14D7A002F8C29 /* DetailViewController.swift */ = {isa = PBXFileReference; lastKnownFileType = sourcecode.swift; path = DetailViewController.swift; sourceTree = "<group>"; };
		84AB30EB19D14D7A002F8C29 /* Base */ = {isa = PBXFileReference; lastKnownFileType = file.storyboard; name = Base; path = Base.lproj/Main.storyboard; sourceTree = "<group>"; };
		84AB30ED19D14D7A002F8C29 /* Images.xcassets */ = {isa = PBXFileReference; lastKnownFileType = folder.assetcatalog; path = Images.xcassets; sourceTree = "<group>"; };
		84AB30F019D14D7A002F8C29 /* Base */ = {isa = PBXFileReference; lastKnownFileType = file.xib; name = Base; path = Base.lproj/LaunchScreen.xib; sourceTree = "<group>"; };
		84AB30F619D14D7B002F8C29 /* IOSTestTests.xctest */ = {isa = PBXFileReference; explicitFileType = wrapper.cfbundle; includeInIndex = 0; path = IOSTestTests.xctest; sourceTree = BUILT_PRODUCTS_DIR; };
		84AB30FB19D14D7B002F8C29 /* Info.plist */ = {isa = PBXFileReference; lastKnownFileType = text.plist.xml; path = Info.plist; sourceTree = "<group>"; };
		84AB30FC19D14D7B002F8C29 /* IOSTestTests.swift */ = {isa = PBXFileReference; lastKnownFileType = sourcecode.swift; path = IOSTestTests.swift; sourceTree = "<group>"; };
/* End PBXFileReference section */

/* Begin PBXFrameworksBuildPhase section */
		84AB30DC19D14D7A002F8C29 /* Frameworks */ = {
			isa = PBXFrameworksBuildPhase;
			buildActionMask = 2147483647;
			files = (
			);
			runOnlyForDeploymentPostprocessing = 0;
		};
		84AB30F319D14D7B002F8C29 /* Frameworks */ = {
			isa = PBXFrameworksBuildPhase;
			buildActionMask = 2147483647;
			files = (
			);
			runOnlyForDeploymentPostprocessing = 0;
		};
/* End PBXFrameworksBuildPhase section */

/* Begin PBXGroup section */
		84AB30D619D14D7A002F8C29 = {
			isa = PBXGroup;
			children = (
				84AB30E119D14D7A002F8C29 /* IOSTest */,
				84AB30F919D14D7B002F8C29 /* IOSTestTests */,
				84AB30E019D14D7A002F8C29 /* Products */,
			);
			sourceTree = "<group>";
		};
		84AB30E019D14D7A002F8C29 /* Products */ = {
			isa = PBXGroup;
			children = (
				84AB30DF19D14D7A002F8C29 /* IOSTest.app */,
				84AB30F619D14D7B002F8C29 /* IOSTestTests.xctest */,
			);
			name = Products;
			sourceTree = "<group>";
		};
		84AB30E119D14D7A002F8C29 /* IOSTest */ = {
			isa = PBXGroup;
			children = (
				84AB30E419D14D7A002F8C29 /* AppDelegate.swift */,
				84AB30E619D14D7A002F8C29 /* MasterViewController.swift */,
				84AB30E819D14D7A002F8C29 /* DetailViewController.swift */,
				84AB30EA19D14D7A002F8C29 /* Main.storyboard */,
				84AB30ED19D14D7A002F8C29 /* Images.xcassets */,
				84AB30EF19D14D7A002F8C29 /* LaunchScreen.xib */,
				84AB30E219D14D7A002F8C29 /* Supporting Files */,
			);
			path = IOSTest;
			sourceTree = "<group>";
		};
		84AB30E219D14D7A002F8C29 /* Supporting Files */ = {
			isa = PBXGroup;
			children = (
				84AB30E319D14D7A002F8C29 /* Info.plist */,
			);
			name = "Supporting Files";
			sourceTree = "<group>";
		};
		84AB30F919D14D7B002F8C29 /* IOSTestTests */ = {
			isa = PBXGroup;
			children = (
				84AB30FC19D14D7B002F8C29 /* IOSTestTests.swift */,
				84AB30FA19D14D7B002F8C29 /* Supporting Files */,
			);
			path = IOSTestTests;
			sourceTree = "<group>";
		};
		84AB30FA19D14D7B002F8C29 /* Supporting Files */ = {
			isa = PBXGroup;
			children = (
				84AB30FB19D14D7B002F8C29 /* Info.plist */,
			);
			name = "Supporting Files";
			sourceTree = "<group>";
		};
/* End PBXGroup section */

/* Begin PBXNativeTarget section */
		84AB30DE19D14D7A002F8C29 /* IOSTest */ = {
			isa = PBXNativeTarget;
			buildConfigurationList = 84AB310019D14D7B002F8C29 /* Build configuration list for PBXNativeTarget "IOSTest" */;
			buildPhases = (
				84AB30DB19D14D7A002F8C29 /* Sources */,
				84AB30DC19D14D7A002F8C29 /* Frameworks */,
				84AB30DD19D14D7A002F8C29 /* Resources */,
			);
			buildRules = (
			);
			dependencies = (
			);
			name = IOSTest;
			productName = IOSTest;
			productReference = 84AB30DF19D14D7A002F8C29 /* IOSTest.app */;
			productType = "com.apple.product-type.application";
		};
		84AB30F519D14D7B002F8C29 /* IOSTestTests */ = {
			isa = PBXNativeTarget;
			buildConfigurationList = 84AB310319D14D7B002F8C29 /* Build configuration list for PBXNativeTarget "IOSTestTests" */;
			buildPhases = (
				84AB30F219D14D7B002F8C29 /* Sources */,
				84AB30F319D14D7B002F8C29 /* Frameworks */,
				84AB30F419D14D7B002F8C29 /* Resources */,
			);
			buildRules = (
			);
			dependencies = (
				84AB30F819D14D7B002F8C29 /* PBXTargetDependency */,
			);
			name = IOSTestTests;
			productName = IOSTestTests;
			productReference = 84AB30F619D14D7B002F8C29 /* IOSTestTests.xctest */;
			productType = "com.apple.product-type.bundle.unit-test";
		};
/* End PBXNativeTarget section */

/* Begin PBXProject section */
		84AB30D719D14D7A002F8C29 /* Project object */ = {
			isa = PBXProject;
			attributes = {
				LastUpgradeCheck = 0600;
				ORGANIZATIONNAME = YXL;
				TargetAttributes = {
					84AB30DE19D14D7A002F8C29 = {
						CreatedOnToolsVersion = 6.0;
					};
					84AB30F519D14D7B002F8C29 = {
						CreatedOnToolsVersion = 6.0;
						TestTargetID = 84AB30DE19D14D7A002F8C29;
					};
				};
			};
			buildConfigurationList = 84AB30DA19D14D7A002F8C29 /* Build configuration list for PBXProject "IOSTest" */;
			compatibilityVersion = "Xcode 3.2";
			developmentRegion = English;
			hasScannedForEncodings = 0;
			knownRegions = (
				en,
				Base,
			);
			mainGroup = 84AB30D619D14D7A002F8C29;
			productRefGroup = 84AB30E019D14D7A002F8C29 /* Products */;
			projectDirPath = "";
			projectRoot = "";
			targets = (
				84AB30DE19D14D7A002F8C29 /* IOSTest */,
				84AB30F519D14D7B002F8C29 /* IOSTestTests */,
			);
		};
/* End PBXProject section */

/* Begin PBXResourcesBuildPhase section */
		84AB30DD19D14D7A002F8C29 /* Resources */ = {
			isa = PBXResourcesBuildPhase;
			buildActionMask = 2147483647;
			files = (
				84AB30EC19D14D7A002F8C29 /* Main.storyboard in Resources */,
				84AB30F119D14D7A002F8C29 /* LaunchScreen.xib in Resources */,
				84AB30EE19D14D7A002F8C29 /* Images.xcassets in Resources */,
			);
			runOnlyForDeploymentPostprocessing = 0;
		};
		84AB30F419D14D7B002F8C29 /* Resources */ = {
			isa = PBXResourcesBuildPhase;
			buildActionMask = 2147483647;
			files = (
			);
			runOnlyForDeploymentPostprocessing = 0;
		};
/* End PBXResourcesBuildPhase section */

/* Begin PBXSourcesBuildPhase section */
		84AB30DB19D14D7A002F8C29 /* Sources */ = {
			isa = PBXSourcesBuildPhase;
			buildActionMask = 2147483647;
			files = (
				84AB30E919D14D7A002F8C29 /* DetailViewController.swift in Sources */,
				84AB30E719D14D7A002F8C29 /* MasterViewController.swift in Sources */,
				84AB30E519D14D7A002F8C29 /* AppDelegate.swift in Sources */,
			);
			runOnlyForDeploymentPostprocessing = 0;
		};
		84AB30F219D14D7B002F8C29 /* Sources */ = {
			isa = PBXSourcesBuildPhase;
			buildActionMask = 2147483647;
			files = (
				84AB30FD19D14D7B002F8C29 /* IOSTestTests.swift in Sources */,
			);
			runOnlyForDeploymentPostprocessing = 0;
		};
/* End PBXSourcesBuildPhase section */

/* Begin PBXTargetDependency section */
		84AB30F819D14D7B002F8C29 /* PBXTargetDependency */ = {
			isa = PBXTargetDependency;
			target = 84AB30DE19D14D7A002F8C29 /* IOSTest */;
			targetProxy = 84AB30F719D14D7B002F8C29 /* PBXContainerItemProxy */;
		};
/* End PBXTargetDependency section */

/* Begin PBXVariantGroup section */
		84AB30EA19D14D7A002F8C29 /* Main.storyboard */ = {
			isa = PBXVariantGroup;
			children = (
				84AB30EB19D14D7A002F8C29 /* Base */,
			);
			name = Main.storyboard;
			sourceTree = "<group>";
		};
		84AB30EF19D14D7A002F8C29 /* LaunchScreen.xib */ = {
			isa = PBXVariantGroup;
			children = (
				84AB30F019D14D7A002F8C29 /* Base */,
			);
			name = LaunchScreen.xib;
			sourceTree = "<group>";
		};
/* End PBXVariantGroup section */

/* Begin XCBuildConfiguration section */
		84AB30FE19D14D7B002F8C29 /* Debug */ = {
			isa = XCBuildConfiguration;
			buildSettings = {
				ALWAYS_SEARCH_USER_PATHS = NO;
				CLANG_CXX_LANGUAGE_STANDARD = "gnu++0x";
				CLANG_CXX_LIBRARY = "libc++";
				CLANG_ENABLE_MODULES = YES;
				CLANG_ENABLE_OBJC_ARC = YES;
				CLANG_WARN_BOOL_CONVERSION = YES;
				CLANG_WARN_CONSTANT_CONVERSION = YES;
				CLANG_WARN_DIRECT_OBJC_ISA_USAGE = YES_ERROR;
				CLANG_WARN_EMPTY_BODY = YES;
				CLANG_WARN_ENUM_CONVERSION = YES;
				CLANG_WARN_INT_CONVERSION = YES;
				CLANG_WARN_OBJC_ROOT_CLASS = YES_ERROR;
				CLANG_WARN_UNREACHABLE_CODE = YES;
				CLANG_WARN__DUPLICATE_METHOD_MATCH = YES;
				"CODE_SIGN_IDENTITY[sdk=iphoneos*]" = "iPhone Developer";
				COPY_PHASE_STRIP = NO;
				ENABLE_STRICT_OBJC_MSGSEND = YES;
				GCC_C_LANGUAGE_STANDARD = gnu99;
				GCC_DYNAMIC_NO_PIC = NO;
				GCC_OPTIMIZATION_LEVEL = 0;
				GCC_PREPROCESSOR_DEFINITIONS = (
					"DEBUG=1",
					"$(inherited)",
				);
				GCC_SYMBOLS_PRIVATE_EXTERN = NO;
				GCC_WARN_64_TO_32_BIT_CONVERSION = YES;
				GCC_WARN_ABOUT_RETURN_TYPE = YES_ERROR;
				GCC_WARN_UNDECLARED_SELECTOR = YES;
				GCC_WARN_UNINITIALIZED_AUTOS = YES_AGGRESSIVE;
				GCC_WARN_UNUSED_FUNCTION = YES;
				GCC_WARN_UNUSED_VARIABLE = YES;
				IPHONEOS_DEPLOYMENT_TARGET = 8.0;
				MTL_ENABLE_DEBUG_INFO = YES;
				ONLY_ACTIVE_ARCH = YES;
				SDKROOT = iphoneos;
				SWIFT_OPTIMIZATION_LEVEL = "-Onone";
				TARGETED_DEVICE_FAMILY = "1,2";
			};
			name = Debug;
		};
		84AB30FF19D14D7B002F8C29 /* Release */ = {
			isa = XCBuildConfiguration;
			buildSettings = {
				ALWAYS_SEARCH_USER_PATHS = NO;
				CLANG_CXX_LANGUAGE_STANDARD = "gnu++0x";
				CLANG_CXX_LIBRARY = "libc++";
				CLANG_ENABLE_MODULES = YES;
				CLANG_ENABLE_OBJC_ARC = YES;
				CLANG_WARN_BOOL_CONVERSION = YES;
				CLANG_WARN_CONSTANT_CONVERSION = YES;
				CLANG_WARN_DIRECT_OBJC_ISA_USAGE = YES_ERROR;
				CLANG_WARN_EMPTY_BODY = YES;
				CLANG_WARN_ENUM_CONVERSION = YES;
				CLANG_WARN_INT_CONVERSION = YES;
				CLANG_WARN_OBJC_ROOT_CLASS = YES_ERROR;
				CLANG_WARN_UNREACHABLE_CODE = YES;
				CLANG_WARN__DUPLICATE_METHOD_MATCH = YES;
				"CODE_SIGN_IDENTITY[sdk=iphoneos*]" = "iPhone Developer";
				COPY_PHASE_STRIP = YES;
				ENABLE_NS_ASSERTIONS = NO;
				ENABLE_STRICT_OBJC_MSGSEND = YES;
				GCC_C_LANGUAGE_STANDARD = gnu99;
				GCC_WARN_64_TO_32_BIT_CONVERSION = YES;
				GCC_WARN_ABOUT_RETURN_TYPE = YES_ERROR;
				GCC_WARN_UNDECLARED_SELECTOR = YES;
				GCC_WARN_UNINITIALIZED_AUTOS = YES_AGGRESSIVE;
				GCC_WARN_UNUSED_FUNCTION = YES;
				GCC_WARN_UNUSED_VARIABLE = YES;
				IPHONEOS_DEPLOYMENT_TARGET = 8.0;
				MTL_ENABLE_DEBUG_INFO = NO;
				SDKROOT = iphoneos;
				TARGETED_DEVICE_FAMILY = "1,2";
				VALIDATE_PRODUCT = YES;
			};
			name = Release;
		};
		84AB310119D14D7B002F8C29 /* Debug */ = {
			isa = XCBuildConfiguration;
			buildSettings = {
				ASSETCATALOG_COMPILER_APPICON_NAME = AppIcon;
				INFOPLIST_FILE = IOSTest/Info.plist;
				LD_RUNPATH_SEARCH_PATHS = "$(inherited) @executable_path/Frameworks";
				PRODUCT_NAME = "$(TARGET_NAME)";
			};
			name = Debug;
		};
		84AB310219D14D7B002F8C29 /* Release */ = {
			isa = XCBuildConfiguration;
			buildSettings = {
				ASSETCATALOG_COMPILER_APPICON_NAME = AppIcon;
				INFOPLIST_FILE = IOSTest/Info.plist;
				LD_RUNPATH_SEARCH_PATHS = "$(inherited) @executable_path/Frameworks";
				PRODUCT_NAME = "$(TARGET_NAME)";
			};
			name = Release;
		};
		84AB310419D14D7B002F8C29 /* Debug */ = {
			isa = XCBuildConfiguration;
			buildSettings = {
				BUNDLE_LOADER = "$(TEST_HOST)";
				FRAMEWORK_SEARCH_PATHS = (
					"$(SDKROOT)/Developer/Library/Frameworks",
					"$(inherited)",
				);
				GCC_PREPROCESSOR_DEFINITIONS = (
					"DEBUG=1",
					"$(inherited)",
				);
				INFOPLIST_FILE = IOSTestTests/Info.plist;
				LD_RUNPATH_SEARCH_PATHS = "$(inherited) @executable_path/Frameworks @loader_path/Frameworks";
				PRODUCT_NAME = "$(TARGET_NAME)";
				TEST_HOST = "$(BUILT_PRODUCTS_DIR)/IOSTest.app/IOSTest";
			};
			name = Debug;
		};
		84AB310519D14D7B002F8C29 /* Release */ = {
			isa = XCBuildConfiguration;
			buildSettings = {
				BUNDLE_LOADER = "$(TEST_HOST)";
				FRAMEWORK_SEARCH_PATHS = (
					"$(SDKROOT)/Developer/Library/Frameworks",
					"$(inherited)",
				);
				INFOPLIST_FILE = IOSTestTests/Info.plist;
				LD_RUNPATH_SEARCH_PATHS = "$(inherited) @executable_path/Frameworks @loader_path/Frameworks";
				PRODUCT_NAME = "$(TARGET_NAME)";
				TEST_HOST = "$(BUILT_PRODUCTS_DIR)/IOSTest.app/IOSTest";
			};
			name = Release;
		};
/* End XCBuildConfiguration section */

/* Begin XCConfigurationList section */
		84AB30DA19D14D7A002F8C29 /* Build configuration list for PBXProject "IOSTest" */ = {
			isa = XCConfigurationList;
			buildConfigurations = (
				84AB30FE19D14D7B002F8C29 /* Debug */,
				84AB30FF19D14D7B002F8C29 /* Release */,
			);
			defaultConfigurationIsVisible = 0;
			defaultConfigurationName = Release;
		};
		84AB310019D14D7B002F8C29 /* Build configuration list for PBXNativeTarget "IOSTest" */ = {
			isa = XCConfigurationList;
			buildConfigurations = (
				84AB310119D14D7B002F8C29 /* Debug */,
				84AB310219D14D7B002F8C29 /* Release */,
			);
			defaultConfigurationIsVisible = 0;
		};
		84AB310319D14D7B002F8C29 /* Build configuration list for PBXNativeTarget "IOSTestTests" */ = {
			isa = XCConfigurationList;
			buildConfigurations = (
				84AB310419D14D7B002F8C29 /* Debug */,
				84AB310519D14D7B002F8C29 /* Release */,
			);
			defaultConfigurationIsVisible = 0;
		};
/* End XCConfigurationList section */
	};
	rootObject = 84AB30D719D14D7A002F8C29 /* Project object */;
}
